
Microsoft Visual Studio Solution File, Format Version 12.00
# Visual Studio Version 17
VisualStudioVersion = 17.0.32014.148
MinimumVisualStudioVersion = 10.0.40219.1
Project("{FAE04EC0-301F-11D3-BF4B-00C04F79EFBC}") = "API_EF6", "API_EF6.csproj", "{1DD5F6AB-9EE4-486D-859C-B22D8DBBE3B7}"
EndProject
Global
	GlobalSection(SolutionConfigurationPlatforms) = preSolution
		Debug|Any CPU = Debug|Any CPU
		Release|Any CPU = Release|Any CPU
	EndGlobalSection
	GlobalSection(ProjectConfigurationPlatforms) = postSolution
		{1DD5F6AB-9EE4-486D-859C-B22D8DBBE3B7}.Debug|Any CPU.ActiveCfg = Debug|Any CPU
		{1DD5F6AB-9EE4-486D-859C-B22D8DBBE3B7}.Debug|Any CPU.Build.0 = Debug|Any CPU
		{1DD5F6AB-9EE4-486D-859C-B22D8DBBE3B7}.Release|Any CPU.ActiveCfg = Release|Any CPU
		{1DD5F6AB-9EE4-486D-859C-B22D8DBBE3B7}.Release|Any CPU.Build.0 = Release|Any CPU
	EndGlobalSection
	GlobalSection(SolutionProperties) = preSolution
		HideSolutionNode = FALSE
	EndGlobalSection
	GlobalSection(ExtensibilityGlobals) = postSolution
		SolutionGuid = {4234F4B1-DB42-47DE-A3F6-2547BC34EB82}
	EndGlobalSection
EndGlobal
